{
  "name": "p-web",
  "lockfileVersion": 3,
  "requires": true,
  "packages": {
    "": {
      "devDependencies": {
        "@types/jasmine": "^5.1.11"
      }
    },
    "node_modules/@types/jasmine": {
      "version": "5.1.11",
      "resolved": "https://registry.npmjs.org/@types/jasmine/-/jasmine-5.1.11.tgz",
      "integrity": "sha512-eAij9lMAsosuA8cvRcqw7p2vO+LUraktQDmOUFx2jAnya8NUchr3DryHksfhZbRzU83vzNUSZhlk1cFdoePxwA==",
      "dev": true,
      "license": "MIT"
    }
  }
}
